// !$*UTF8*$!
{
	archiveVersion = 1;
	classes = {
	};
	objectVersion = 50;
	objects = {

/* Begin PBXBuildFile section */
		1F2009FD223857B500C90ACF /* AppDelegate.swift in Sources */ = {isa = PBXBuildFile; fileRef = 1F2009FC223857B500C90ACF /* AppDelegate.swift */; };
		1F2009FF223857B500C90ACF /* ViewController.swift in Sources */ = {isa = PBXBuildFile; fileRef = 1F2009FE223857B500C90ACF /* ViewController.swift */; };
		1F200A02223857B500C90ACF /* Main.storyboard in Resources */ = {isa = PBXBuildFile; fileRef = 1F200A00223857B500C90ACF /* Main.storyboard */; };
		1F200A04223857B700C90ACF /* Assets.xcassets in Resources */ = {isa = PBXBuildFile; fileRef = 1F200A03223857B700C90ACF /* Assets.xcassets */; };
		1F200A07223857B700C90ACF /* LaunchScreen.storyboard in Resources */ = {isa = PBXBuildFile; fileRef = 1F200A05223857B700C90ACF /* LaunchScreen.storyboard */; };
		A9097693656B44CC4EC7902B /* Pods_GoldApp.framework in Frameworks */ = {isa = PBXBuildFile; fileRef = 8F0C5E4B7DEC4DA5B63BCA30 /* Pods_GoldApp.framework */; };
/* End PBXBuildFile section */

/* Begin PBXFileReference section */
		19BFCEEF3FC1BF3977C76C1A /* Pods-GoldApp.release.xcconfig */ = {isa = PBXFileReference; includeInIndex = 1; lastKnownFileType = text.xcconfig; name = "Pods-GoldApp.release.xcconfig"; path = "Pods/Target Support Files/Pods-GoldApp/Pods-GoldApp.release.xcconfig"; sourceTree = "<group>"; };
		1F2009F9223857B500C90ACF /* GoldApp.app */ = {isa = PBXFileReference; explicitFileType = wrapper.application; includeInIndex = 0; path = GoldApp.app; sourceTree = BUILT_PRODUCTS_DIR; };
		1F2009FC223857B500C90ACF /* AppDelegate.swift */ = {isa = PBXFileReference; lastKnownFileType = sourcecode.swift; path = AppDelegate.swift; sourceTree = "<group>"; };
		1F2009FE223857B500C90ACF /* ViewController.swift */ = {isa = PBXFileReference; lastKnownFileType = sourcecode.swift; path = ViewController.swift; sourceTree = "<group>"; };
		1F200A01223857B500C90ACF /* Base */ = {isa = PBXFileReference; lastKnownFileType = file.storyboard; name = Base; path = Base.lproj/Main.storyboard; sourceTree = "<group>"; };
		1F200A03223857B700C90ACF /* Assets.xcassets */ = {isa = PBXFileReference; lastKnownFileType = folder.assetcatalog; path = Assets.xcassets; sourceTree = "<group>"; };
		1F200A06223857B700C90ACF /* Base */ = {isa = PBXFileReference; lastKnownFileType = file.storyboard; name = Base; path = Base.lproj/LaunchScreen.storyboard; sourceTree = "<group>"; };
		1F200A08223857B700C90ACF /* Info.plist */ = {isa = PBXFileReference; lastKnownFileType = text.plist.xml; path = Info.plist; sourceTree = "<group>"; };
		8F0C5E4B7DEC4DA5B63BCA30 /* Pods_GoldApp.framework */ = {isa = PBXFileReference; explicitFileType = wrapper.framework; includeInIndex = 0; path = Pods_GoldApp.framework; sourceTree = BUILT_PRODUCTS_DIR; };
		E4FAD839712BA16BB234ACF2 /* Pods-GoldApp.debug.xcconfig */ = {isa = PBXFileReference; includeInIndex = 1; lastKnownFileType = text.xcconfig; name = "Pods-GoldApp.debug.xcconfig"; path = "Pods/Target Support Files/Pods-GoldApp/Pods-GoldApp.debug.xcconfig"; sourceTree = "<group>"; };
/* End PBXFileReference section */

/* Begin PBXFrameworksBuildPhase section */
		1F2009F6223857B500C90ACF /* Frameworks */ = {
			isa = PBXFrameworksBuildPhase;
			buildActionMask = 2147483647;
			files = (
				A9097693656B44CC4EC7902B /* Pods_GoldApp.framework in Frameworks */,
			);
			runOnlyForDeploymentPostprocessing = 0;
		};
/* End PBXFrameworksBuildPhase section */

/* Begin PBXGroup section */
		087F897914A59CB9D8A01CF7 /* Frameworks */ = {
			isa = PBXGroup;
			children = (
				8F0C5E4B7DEC4DA5B63BCA30 /* Pods_GoldApp.framework */,
			);
			name = Frameworks;
			sourceTree = "<group>";
		};
		1F2009F0223857B500C90ACF = {
			isa = PBXGroup;
			children = (
				1F2009FB223857B500C90ACF /* GoldApp */,
				1F2009FA223857B500C90ACF /* Products */,
				575F78B601906D53342EE6C3 /* Pods */,
				087F897914A59CB9D8A01CF7 /* Frameworks */,
			);
			sourceTree = "<group>";
		};
		1F2009FA223857B500C90ACF /* Products */ = {
			isa = PBXGroup;
			children = (
				1F2009F9223857B500C90ACF /* GoldApp.app */,
			);
			name = Products;
			sourceTree = "<group>";
		};
		1F2009FB223857B500C90ACF /* GoldApp */ = {
			isa = PBXGroup;
			children = (
				1F2009FC223857B500C90ACF /* AppDelegate.swift */,
				1F2009FE223857B500C90ACF /* ViewController.swift */,
				1F200A00223857B500C90ACF /* Main.storyboard */,
				1F200A03223857B700C90ACF /* Assets.xcassets */,
				1F200A05223857B700C90ACF /* LaunchScreen.storyboard */,
				1F200A08223857B700C90ACF /* Info.plist */,
			);
			path = GoldApp;
			sourceTree = "<group>";
		};
		575F78B601906D53342EE6C3 /* Pods */ = {
			isa = PBXGroup;
			children = (
				E4FAD839712BA16BB234ACF2 /* Pods-GoldApp.debug.xcconfig */,
				19BFCEEF3FC1BF3977C76C1A /* Pods-GoldApp.release.xcconfig */,
			);
			name = Pods;
			sourceTree = "<group>";
		};
/* End PBXGroup section */

/* Begin PBXNativeTarget section */
		1F2009F8223857B500C90ACF /* GoldApp */ = {
			isa = PBXNativeTarget;
			buildConfigurationList = 1F200A0B223857B700C90ACF /* Build configuration list for PBXNativeTarget "GoldApp" */;
			buildPhases = (
				F9F3EAFB988CFC120CB8D682 /* [CP] Check Pods Manifest.lock */,
				1F2009F5223857B500C90ACF /* Sources */,
				1F2009F6223857B500C90ACF /* Frameworks */,
				1F2009F7223857B500C90ACF /* Resources */,
				2DF9926BBD204A9AA94903C6 /* [CP] Embed Pods Frameworks */,
			);
			buildRules = (
			);
			dependencies = (
			);
			name = GoldApp;
			productName = GoldApp;
			productReference = 1F2009F9223857B500C90ACF /* GoldApp.app */;
			productType = "com.apple.product-type.application";
		};
/* End PBXNativeTarget section */

/* Begin PBXProject section */
		1F2009F1223857B500C90ACF /* Project object */ = {
			isa = PBXProject;
			attributes = {
				LastSwiftUpdateCheck = 1010;
				LastUpgradeCheck = 1010;
				ORGANIZATIONNAME = AIR;
				TargetAttributes = {
					1F2009F8223857B500C90ACF = {
						CreatedOnToolsVersion = 10.1;
					};
				};
			};
			buildConfigurationList = 1F2009F4223857B500C90ACF /* Build configuration list for PBXProject "GoldApp" */;
			compatibilityVersion = "Xcode 9.3";
			developmentRegion = en;
			hasScannedForEncodings = 0;
			knownRegions = (
				en,
				Base,
			);
			mainGroup = 1F2009F0223857B500C90ACF;
			productRefGroup = 1F2009FA223857B500C90ACF /* Products */;
			projectDirPath = "";
			projectRoot = "";
			targets = (
				1F2009F8223857B500C90ACF /* GoldApp */,
			);
		};
/* End PBXProject section */

/* Begin PBXResourcesBuildPhase section */
		1F2009F7223857B500C90ACF /* Resources */ = {
			isa = PBXResourcesBuildPhase;
			buildActionMask = 2147483647;
			files = (
				1F200A07223857B700C90ACF /* LaunchScreen.storyboard in Resources */,
				1F200A04223857B700C90ACF /* Assets.xcassets in Resources */,
				1F200A02223857B500C90ACF /* Main.storyboard in Resources */,
			);
			runOnlyForDeploymentPostprocessing = 0;
		};
/* End PBXResourcesBuildPhase section */

/* Begin PBXShellScriptBuildPhase section */
		2DF9926BBD204A9AA94903C6 /* [CP] Embed Pods Frameworks */ = {
			isa = PBXShellScriptBuildPhase;
			buildActionMask = 2147483647;
			files = (
			);
			inputFileListPaths = (
			);
			inputPaths = (
				"${PODS_ROOT}/Target Support Files/Pods-GoldApp/Pods-GoldApp-frameworks.sh",
				"${BUILT_PRODUCTS_DIR}/Alamofire/Alamofire.framework",
				"${BUILT_PRODUCTS_DIR}/SwiftyJSON/SwiftyJSON.framework",
			);
			name = "[CP] Embed Pods Frameworks";
			outputFileListPaths = (
			);
			outputPaths = (
				"${TARGET_BUILD_DIR}/${FRAMEWORKS_FOLDER_PATH}/Alamofire.framework",
				"${TARGET_BUILD_DIR}/${FRAMEWORKS_FOLDER_PATH}/SwiftyJSON.framework",
			);
			runOnlyForDeploymentPostprocessing = 0;
			shellPath = /bin/sh;
			shellScript = "\"${PODS_ROOT}/Target Support Files/Pods-GoldApp/Pods-GoldApp-frameworks.sh\"\n";
			showEnvVarsInLog = 0;
		};
		F9F3EAFB988CFC120CB8D682 /* [CP] Check Pods Manifest.lock */ = {
			isa = PBXShellScriptBuildPhase;
			buildActionMask = 2147483647;
			files = (
			);
			inputFileListPaths = (
			);
			inputPaths = (
				"${PODS_PODFILE_DIR_PATH}/Podfile.lock",
				"${PODS_ROOT}/Manifest.lock",
			);
			name = "[CP] Check Pods Manifest.lock";
			outputFileListPaths = (
			);
			outputPaths = (
				"$(DERIVED_FILE_DIR)/Pods-GoldApp-checkManifestLockResult.txt",
			);
			runOnlyForDeploymentPostprocessing = 0;
			shellPath = /bin/sh;
			shellScript = "diff \"${PODS_PODFILE_DIR_PATH}/Podfile.lock\" \"${PODS_ROOT}/Manifest.lock\" > /dev/null\nif [ $? != 0 ] ; then\n    # print error to STDERR\n    echo \"error: The sandbox is not in sync with the Podfile.lock. Run 'pod install' or update your CocoaPods installation.\" >&2\n    exit 1\nfi\n# This output is used by Xcode 'outputs' to avoid re-running this script phase.\necho \"SUCCESS\" > \"${SCRIPT_OUTPUT_FILE_0}\"\n";
			showEnvVarsInLog = 0;
		};
/* End PBXShellScriptBuildPhase section */

/* Begin PBXSourcesBuildPhase section */
		1F2009F5223857B500C90ACF /* Sources */ = {
			isa = PBXSourcesBuildPhase;
			buildActionMask = 2147483647;
			files = (
				1F2009FF223857B500C90ACF /* ViewController.swift in Sources */,
				1F2009FD223857B500C90ACF /* AppDelegate.swift in Sources */,
			);
			runOnlyForDeploymentPostprocessing = 0;
		};
/* End PBXSourcesBuildPhase section */

/* Begin PBXVariantGroup section */
		1F200A00223857B500C90ACF /* Main.storyboard */ = {
			isa = PBXVariantGroup;
			children = (
				1F200A01223857B500C90ACF /* Base */,
			);
			name = Main.storyboard;
			sourceTree = "<group>";
		};
		1F200A05223857B700C90ACF /* LaunchScreen.storyboard */ = {
			isa = PBXVariantGroup;
			children = (
				1F200A06223857B700C90ACF /* Base */,
			);
			name = LaunchScreen.storyboard;
			sourceTree = "<group>";
		};
/* End PBXVariantGroup section */

/* Begin XCBuildConfiguration section */
		1F200A09223857B700C90ACF /* Debug */ = {
			isa = XCBuildConfiguration;
			buildSettings = {
				ALWAYS_SEARCH_USER_PATHS = NO;
				CLANG_ANALYZER_NONNULL = YES;
				CLANG_ANALYZER_NUMBER_OBJECT_CONVERSION = YES_AGGRESSIVE;
				CLANG_CXX_LANGUAGE_STANDARD = "gnu++14";
				CLANG_CXX_LIBRARY = "libc++";
				CLANG_ENABLE_MODULES = YES;
				CLANG_ENABLE_OBJC_ARC = YES;
				CLANG_ENABLE_OBJC_WEAK = YES;
				CLANG_WARN_BLOCK_CAPTURE_AUTORELEASING = YES;
				CLANG_WARN_BOOL_CONVERSION = YES;
				CLANG_WARN_COMMA = YES;
				CLANG_WARN_CONSTANT_CONVERSION = YES;
				CLANG_WARN_DEPRECATED_OBJC_IMPLEMENTATIONS = YES;
				CLANG_WARN_DIRECT_OBJC_ISA_USAGE = YES_ERROR;
				CLANG_WARN_DOCUMENTATION_COMMENTS = YES;
				CLANG_WARN_EMPTY_BODY = YES;
				CLANG_WARN_ENUM_CONVERSION = YES;
				CLANG_WARN_INFINITE_RECURSION = YES;
				CLANG_WARN_INT_CONVERSION = YES;
				CLANG_WARN_NON_LITERAL_NULL_CONVERSION = YES;
				CLANG_WARN_OBJC_IMPLICIT_RETAIN_SELF = YES;
				CLANG_WARN_OBJC_LITERAL_CONVERSION = YES;
				CLANG_WARN_OBJC_ROOT_CLASS = YES_ERROR;
				CLANG_WARN_RANGE_LOOP_ANALYSIS = YES;
				CLANG_WARN_STRICT_PROTOTYPES = YES;
				CLANG_WARN_SUSPICIOUS_MOVE = YES;
				CLANG_WARN_UNGUARDED_AVAILABILITY = YES_AGGRESSIVE;
				CLANG_WARN_UNREACHABLE_CODE = YES;
				CLANG_WARN__DUPLICATE_METHOD_MATCH = YES;
				CODE_SIGN_IDENTITY = "iPhone Developer";
				COPY_PHASE_STRIP = NO;
				DEBUG_INFORMATION_FORMAT = dwarf;
				ENABLE_STRICT_OBJC_MSGSEND = YES;
				ENABLE_TESTABILITY = YES;
				GCC_C_LANGUAGE_STANDARD = gnu11;
				GCC_DYNAMIC_NO_PIC = NO;
				GCC_NO_COMMON_BLOCKS = YES;
				GCC_OPTIMIZATION_LEVEL = 0;
				GCC_PREPROCESSOR_DEFINITIONS = (
					"DEBUG=1",
					"$(inherited)",
				);
				GCC_WARN_64_TO_32_BIT_CONVERSION = YES;
				GCC_WARN_ABOUT_RETURN_TYPE = YES_ERROR;
				GCC_WARN_UNDECLARED_SELECTOR = YES;
				GCC_WARN_UNINITIALIZED_AUTOS = YES_AGGRESSIVE;
				GCC_WARN_UNUSED_FUNCTION = YES;
				GCC_WARN_UNUSED_VARIABLE = YES;
				IPHONEOS_DEPLOYMENT_TARGET = 12.1;
				MTL_ENABLE_DEBUG_INFO = INCLUDE_SOURCE;
				MTL_FAST_MATH = YES;
				ONLY_ACTIVE_ARCH = YES;
				SDKROOT = iphoneos;
				SWIFT_ACTIVE_COMPILATION_CONDITIONS = DEBUG;
				SWIFT_OPTIMIZATION_LEVEL = "-Onone";
			};
			name = Debug;
		};
		1F200A0A223857B700C90ACF /* Release */ = {
			isa = XCBuildConfiguration;
			buildSettings = {
				ALWAYS_SEARCH_USER_PATHS = NO;
				CLANG_ANALYZER_NONNULL = YES;
				CLANG_ANALYZER_NUMBER_OBJECT_CONVERSION = YES_AGGRESSIVE;
				CLANG_CXX_LANGUAGE_STANDARD = "gnu++14";
				CLANG_CXX_LIBRARY = "libc++";
				CLANG_ENABLE_MODULES = YES;
				CLANG_ENABLE_OBJC_ARC = YES;
				CLANG_ENABLE_OBJC_WEAK = YES;
				CLANG_WARN_BLOCK_CAPTURE_AUTORELEASING = YES;
				CLANG_WARN_BOOL_CONVERSION = YES;
				CLANG_WARN_COMMA = YES;
				CLANG_WARN_CONSTANT_CONVERSION = YES;
				CLANG_WARN_DEPRECATED_OBJC_IMPLEMENTATIONS = YES;
				CLANG_WARN_DIRECT_OBJC_ISA_USAGE = YES_ERROR;
				CLANG_WARN_DOCUMENTATION_COMMENTS = YES;
				CLANG_WARN_EMPTY_BODY = YES;
				CLANG_WARN_ENUM_CONVERSION = YES;
				CLANG_WARN_INFINITE_RECURSION = YES;
				CLANG_WARN_INT_CONVERSION = YES;
				CLANG_WARN_NON_LITERAL_NULL_CONVERSION = YES;
				CLANG_WARN_OBJC_IMPLICIT_RETAIN_SELF = YES;
				CLANG_WARN_OBJC_LITERAL_CONVERSION = YES;
				CLANG_WARN_OBJC_ROOT_CLASS = YES_ERROR;
				CLANG_WARN_RANGE_LOOP_ANALYSIS = YES;
				CLANG_WARN_STRICT_PROTOTYPES = YES;
				CLANG_WARN_SUSPICIOUS_MOVE = YES;
				CLANG_WARN_UNGUARDED_AVAILABILITY = YES_AGGRESSIVE;
				CLANG_WARN_UNREACHABLE_CODE = YES;
				CLANG_WARN__DUPLICATE_METHOD_MATCH = YES;
				CODE_SIGN_IDENTITY = "iPhone Developer";
				COPY_PHASE_STRIP = NO;
				DEBUG_INFORMATION_FORMAT = "dwarf-with-dsym";
				ENABLE_NS_ASSERTIONS = NO;
				ENABLE_STRICT_OBJC_MSGSEND = YES;
				GCC_C_LANGUAGE_STANDARD = gnu11;
				GCC_NO_COMMON_BLOCKS = YES;
				GCC_WARN_64_TO_32_BIT_CONVERSION = YES;
				GCC_WARN_ABOUT_RETURN_TYPE = YES_ERROR;
				GCC_WARN_UNDECLARED_SELECTOR = YES;
				GCC_WARN_UNINITIALIZED_AUTOS = YES_AGGRESSIVE;
				GCC_WARN_UNUSED_FUNCTION = YES;
				GCC_WARN_UNUSED_VARIABLE = YES;
				IPHONEOS_DEPLOYMENT_TARGET = 12.1;
				MTL_ENABLE_DEBUG_INFO = NO;
				MTL_FAST_MATH = YES;
				SDKROOT = iphoneos;
				SWIFT_COMPILATION_MODE = wholemodule;
				SWIFT_OPTIMIZATION_LEVEL = "-O";
				VALIDATE_PRODUCT = YES;
			};
			name = Release;
		};
		1F200A0C223857B700C90ACF /* Debug */ = {
			isa = XCBuildConfiguration;
			baseConfigurationReference = E4FAD839712BA16BB234ACF2 /* Pods-GoldApp.debug.xcconfig */;
			buildSettings = {
				ASSETCATALOG_COMPILER_APPICON_NAME = AppIcon;
				CODE_SIGN_STYLE = Automatic;
				DEVELOPMENT_TEAM = R2X43E6VD5;
				INFOPLIST_FILE = GoldApp/Info.plist;
				LD_RUNPATH_SEARCH_PATHS = (
					"$(inherited)",
					"@executable_path/Frameworks",
				);
				PRODUCT_BUNDLE_IDENTIFIER = karol.testApp;
				PRODUCT_NAME = "$(TARGET_NAME)";
				SWIFT_VERSION = 4.2;
				TARGETED_DEVICE_FAMILY = "1,2";
			};
			name = Debug;
		};
		1F200A0D223857B700C90ACF /* Release */ = {
			isa = XCBuildConfiguration;
			baseConfigurationReference = 19BFCEEF3FC1BF3977C76C1A /* Pods-GoldApp.release.xcconfig */;
			buildSettings = {
				ASSETCATALOG_COMPILER_APPICON_NAME = AppIcon;
				CODE_SIGN_STYLE = Automatic;
				DEVELOPMENT_TEAM = R2X43E6VD5;
				INFOPLIST_FILE = GoldApp/Info.plist;
				LD_RUNPATH_SEARCH_PATHS = (
					"$(inherited)",
					"@executable_path/Frameworks",
				);
				PRODUCT_BUNDLE_IDENTIFIER = karol.testApp;
				PRODUCT_NAME = "$(TARGET_NAME)";
				SWIFT_VERSION = 4.2;
				TARGETED_DEVICE_FAMILY = "1,2";
			};
			name = Release;
		};
/* End XCBuildConfiguration section */

/* Begin XCConfigurationList section */
		1F2009F4223857B500C90ACF /* Build configuration list for PBXProject "GoldApp" */ = {
			isa = XCConfigurationList;
			buildConfigurations = (
				1F200A09223857B700C90ACF /* Debug */,
				1F200A0A223857B700C90ACF /* Release */,
			);
			defaultConfigurationIsVisible = 0;
			defaultConfigurationName = Release;
		};
		1F200A0B223857B700C90ACF /* Build configuration list for PBXNativeTarget "GoldApp" */ = {
			isa = XCConfigurationList;
			buildConfigurations = (
				1F200A0C223857B700C90ACF /* Debug */,
				1F200A0D223857B700C90ACF /* Release */,
			);
			defaultConfigurationIsVisible = 0;
			defaultConfigurationName = Release;
		};
/* End XCConfigurationList section */
	};
	rootObject = 1F2009F1223857B500C90ACF /* Project object */;
}
